
Microsoft Visual Studio Solution File, Format Version 12.00
# Visual Studio Version 17
VisualStudioVersion = 17.14.37012.4
MinimumVisualStudioVersion = 10.0.40219.1
Project("{FAE04EC0-301F-11D3-BF4B-00C04F79EFBC}") = "labTenth", "labTenth.csproj", "{C648A3CE-7868-44B2-B399-299FF955D62D}"
EndProject
Project("{FAE04EC0-301F-11D3-BF4B-00C04F79EFBC}") = "SecondTask", "..\SecondTask\SecondTask.csproj", "{5D503B11-2D36-40AC-AA96-0578C02C68D9}"
EndProject
Project("{FAE04EC0-301F-11D3-BF4B-00C04F79EFBC}") = "ThirdTask", "..\ThirdTask\ThirdTask.csproj", "{90872C4F-0196-45EF-BC92-F61BFE209DB5}"
EndProject
Global
	GlobalSection(SolutionConfigurationPlatforms) = preSolution
		Debug|Any CPU = Debug|Any CPU
		Release|Any CPU = Release|Any CPU
	EndGlobalSection
	GlobalSection(ProjectConfigurationPlatforms) = postSolution
		{C648A3CE-7868-44B2-B399-299FF955D62D}.Debug|Any CPU.ActiveCfg = Debug|Any CPU
		{C648A3CE-7868-44B2-B399-299FF955D62D}.Debug|Any CPU.Build.0 = Debug|Any CPU
		{C648A3CE-7868-44B2-B399-299FF955D62D}.Release|Any CPU.ActiveCfg = Release|Any CPU
		{C648A3CE-7868-44B2-B399-299FF955D62D}.Release|Any CPU.Build.0 = Release|Any CPU
		{5D503B11-2D36-40AC-AA96-0578C02C68D9}.Debug|Any CPU.ActiveCfg = Debug|Any CPU
		{5D503B11-2D36-40AC-AA96-0578C02C68D9}.Debug|Any CPU.Build.0 = Debug|Any CPU
		{5D503B11-2D36-40AC-AA96-0578C02C68D9}.Release|Any CPU.ActiveCfg = Release|Any CPU
		{5D503B11-2D36-40AC-AA96-0578C02C68D9}.Release|Any CPU.Build.0 = Release|Any CPU
		{90872C4F-0196-45EF-BC92-F61BFE209DB5}.Debug|Any CPU.ActiveCfg = Debug|Any CPU
		{90872C4F-0196-45EF-BC92-F61BFE209DB5}.Debug|Any CPU.Build.0 = Debug|Any CPU
		{90872C4F-0196-45EF-BC92-F61BFE209DB5}.Release|Any CPU.ActiveCfg = Release|Any CPU
		{90872C4F-0196-45EF-BC92-F61BFE209DB5}.Release|Any CPU.Build.0 = Release|Any CPU
	EndGlobalSection
	GlobalSection(SolutionProperties) = preSolution
		HideSolutionNode = FALSE
	EndGlobalSection
	GlobalSection(ExtensibilityGlobals) = postSolution
		SolutionGuid = {7E25DFA4-56A5-48AF-BEBA-1546BA0091B5}
	EndGlobalSection
EndGlobal
