
Microsoft Visual Studio Solution File, Format Version 12.00
# Visual Studio Version 17
VisualStudioVersion = 17.14.37012.4
MinimumVisualStudioVersion = 10.0.40219.1
Project("{FAE04EC0-301F-11D3-BF4B-00C04F79EFBC}") = "Labeighth", "Labeighth.csproj", "{5CCF01BB-7709-4913-9E15-5BFFE701DAAD}"
EndProject
Project("{FAE04EC0-301F-11D3-BF4B-00C04F79EFBC}") = "Secondtask", "..\Secondtask\Secondtask.csproj", "{AF3D9275-30B9-406B-8FC9-CE2A3ECC1A9D}"
EndProject
Project("{FAE04EC0-301F-11D3-BF4B-00C04F79EFBC}") = "Thirdtask", "..\Thirdtask\Thirdtask.csproj", "{090EBC50-4799-43E9-A12D-254412AC4B00}"
EndProject
Global
	GlobalSection(SolutionConfigurationPlatforms) = preSolution
		Debug|Any CPU = Debug|Any CPU
		Release|Any CPU = Release|Any CPU
	EndGlobalSection
	GlobalSection(ProjectConfigurationPlatforms) = postSolution
		{5CCF01BB-7709-4913-9E15-5BFFE701DAAD}.Debug|Any CPU.ActiveCfg = Debug|Any CPU
		{5CCF01BB-7709-4913-9E15-5BFFE701DAAD}.Debug|Any CPU.Build.0 = Debug|Any CPU
		{5CCF01BB-7709-4913-9E15-5BFFE701DAAD}.Release|Any CPU.ActiveCfg = Release|Any CPU
		{5CCF01BB-7709-4913-9E15-5BFFE701DAAD}.Release|Any CPU.Build.0 = Release|Any CPU
		{AF3D9275-30B9-406B-8FC9-CE2A3ECC1A9D}.Debug|Any CPU.ActiveCfg = Debug|Any CPU
		{AF3D9275-30B9-406B-8FC9-CE2A3ECC1A9D}.Debug|Any CPU.Build.0 = Debug|Any CPU
		{AF3D9275-30B9-406B-8FC9-CE2A3ECC1A9D}.Release|Any CPU.ActiveCfg = Release|Any CPU
		{AF3D9275-30B9-406B-8FC9-CE2A3ECC1A9D}.Release|Any CPU.Build.0 = Release|Any CPU
		{090EBC50-4799-43E9-A12D-254412AC4B00}.Debug|Any CPU.ActiveCfg = Debug|Any CPU
		{090EBC50-4799-43E9-A12D-254412AC4B00}.Debug|Any CPU.Build.0 = Debug|Any CPU
		{090EBC50-4799-43E9-A12D-254412AC4B00}.Release|Any CPU.ActiveCfg = Release|Any CPU
		{090EBC50-4799-43E9-A12D-254412AC4B00}.Release|Any CPU.Build.0 = Release|Any CPU
	EndGlobalSection
	GlobalSection(SolutionProperties) = preSolution
		HideSolutionNode = FALSE
	EndGlobalSection
	GlobalSection(ExtensibilityGlobals) = postSolution
		SolutionGuid = {64031238-317E-4E75-9EAF-05DC3C488B12}
	EndGlobalSection
EndGlobal
